
Microsoft Visual Studio Solution File, Format Version 12.00
# Visual Studio Version 17
VisualStudioVersion = 17.0.32112.339
MinimumVisualStudioVersion = 10.0.40219.1
Project("{FAE04EC0-301F-11D3-BF4B-00C04F79EFBC}") = "Rectangle", "Rectangle.csproj", "{38BE87C5-2D49-42AB-9AE8-DEAF4CF48D36}"
EndProject
Global
	GlobalSection(SolutionConfigurationPlatforms) = preSolution
		Debug|Any CPU = Debug|Any CPU
		Release|Any CPU = Release|Any CPU
	EndGlobalSection
	GlobalSection(ProjectConfigurationPlatforms) = postSolution
		{38BE87C5-2D49-42AB-9AE8-DEAF4CF48D36}.Debug|Any CPU.ActiveCfg = Debug|Any CPU
		{38BE87C5-2D49-42AB-9AE8-DEAF4CF48D36}.Debug|Any CPU.Build.0 = Debug|Any CPU
		{38BE87C5-2D49-42AB-9AE8-DEAF4CF48D36}.Release|Any CPU.ActiveCfg = Release|Any CPU
		{38BE87C5-2D49-42AB-9AE8-DEAF4CF48D36}.Release|Any CPU.Build.0 = Release|Any CPU
	EndGlobalSection
	GlobalSection(SolutionProperties) = preSolution
		HideSolutionNode = FALSE
	EndGlobalSection
	GlobalSection(ExtensibilityGlobals) = postSolution
		SolutionGuid = {D87FB03D-C100-4CAE-9152-EC5FC03BD59F}
	EndGlobalSection
EndGlobal
